// !$*UTF8*$!
{
	archiveVersion = 1;
	classes = {
	};
	objectVersion = 46;
	objects = {

/* Begin PBXBuildFile section */
		3A35C5481CDBBEA80068F8B3 /* SGFValueTypeParserTests.swift in Sources */ = {isa = PBXBuildFile; fileRef = 3A35C5471CDBBEA80068F8B3 /* SGFValueTypeParserTests.swift */; };
		3A35C54A1CDBBEE30068F8B3 /* XCParserTestBase.swift in Sources */ = {isa = PBXBuildFile; fileRef = 3A35C5491CDBBEE30068F8B3 /* XCParserTestBase.swift */; };
		3A35C54C1CDBE4620068F8B3 /* SGFParserCombinatorTests.swift in Sources */ = {isa = PBXBuildFile; fileRef = 3A35C54B1CDBE4620068F8B3 /* SGFParserCombinatorTests.swift */; };
		3A35C54D1CDBE4CA0068F8B3 /* SGFParserCombinator.swift in Sources */ = {isa = PBXBuildFile; fileRef = D60082821CDAECCE00C86687 /* SGFParserCombinator.swift */; };
		C31B552E1C9DD10500B060D8 /* AppDelegate.swift in Sources */ = {isa = PBXBuildFile; fileRef = C31B552D1C9DD10500B060D8 /* AppDelegate.swift */; };
		C31B55301C9DD10500B060D8 /* ViewController.swift in Sources */ = {isa = PBXBuildFile; fileRef = C31B552F1C9DD10500B060D8 /* ViewController.swift */; };
		C31B55331C9DD10500B060D8 /* Main.storyboard in Resources */ = {isa = PBXBuildFile; fileRef = C31B55311C9DD10500B060D8 /* Main.storyboard */; };
		C31B55351C9DD10500B060D8 /* Assets.xcassets in Resources */ = {isa = PBXBuildFile; fileRef = C31B55341C9DD10500B060D8 /* Assets.xcassets */; };
		C31B55381C9DD10500B060D8 /* LaunchScreen.storyboard in Resources */ = {isa = PBXBuildFile; fileRef = C31B55361C9DD10500B060D8 /* LaunchScreen.storyboard */; };
		C31B55411C9DD1B000B060D8 /* GobanView.swift in Sources */ = {isa = PBXBuildFile; fileRef = C31B55401C9DD1B000B060D8 /* GobanView.swift */; };
		C3B2A19E1CC2A64A0066C401 /* GobanManagerTests.swift in Sources */ = {isa = PBXBuildFile; fileRef = C3B2A19D1CC2A64A0066C401 /* GobanManagerTests.swift */; };
		C3B2A1A01CC2A6730066C401 /* GobanViewTests.swift in Sources */ = {isa = PBXBuildFile; fileRef = C3B2A19F1CC2A6730066C401 /* GobanViewTests.swift */; };
		C3B5211D1CD02D5500B890B7 /* SGFGame.swift in Sources */ = {isa = PBXBuildFile; fileRef = C3B5211C1CD02D5500B890B7 /* SGFGame.swift */; };
		C3B5211F1CD039A400B890B7 /* Lee-Sedol-vs-AlphaGo-20160309.sgf in Resources */ = {isa = PBXBuildFile; fileRef = C3B5211E1CD039A400B890B7 /* Lee-Sedol-vs-AlphaGo-20160309.sgf */; };
		C3B521211CD0887000B890B7 /* SGFParser.swift in Sources */ = {isa = PBXBuildFile; fileRef = C3B521201CD0887000B890B7 /* SGFParser.swift */; };
		C3B521231CD0890000B890B7 /* SGFNode.swift in Sources */ = {isa = PBXBuildFile; fileRef = C3B521221CD0890000B890B7 /* SGFNode.swift */; };
		C3D286321CB0341200DFC062 /* Stone.swift in Sources */ = {isa = PBXBuildFile; fileRef = C3D286311CB0341200DFC062 /* Stone.swift */; };
		C3D286341CB044D400DFC062 /* GobanManager.swift in Sources */ = {isa = PBXBuildFile; fileRef = C3D286331CB044D400DFC062 /* GobanManager.swift */; };
		D60082831CDAECCE00C86687 /* SGFParserCombinator.swift in Sources */ = {isa = PBXBuildFile; fileRef = D60082821CDAECCE00C86687 /* SGFParserCombinator.swift */; };
		D60082861CDBB2E800C86687 /* SGFPValueTypeParser.swift in Sources */ = {isa = PBXBuildFile; fileRef = D60082851CDBB2E800C86687 /* SGFPValueTypeParser.swift */; };
		D60082871CDBB2E800C86687 /* SGFPValueTypeParser.swift in Sources */ = {isa = PBXBuildFile; fileRef = D60082851CDBB2E800C86687 /* SGFPValueTypeParser.swift */; };
		D6614B221CDD177300DEDD9D /* SGFPStructs.swift in Sources */ = {isa = PBXBuildFile; fileRef = D6614B211CDD177300DEDD9D /* SGFPStructs.swift */; };
		D6614B231CDD17F100DEDD9D /* SGFPStructs.swift in Sources */ = {isa = PBXBuildFile; fileRef = D6614B211CDD177300DEDD9D /* SGFPStructs.swift */; };
		D6614B261CDEDF0E00DEDD9D /* SGFFilesTests.swift in Sources */ = {isa = PBXBuildFile; fileRef = D6614B251CDEDF0E00DEDD9D /* SGFFilesTests.swift */; };
		D6614B271CDEE23100DEDD9D /* Lee-Sedol-vs-AlphaGo-20160309.sgf in Resources */ = {isa = PBXBuildFile; fileRef = C3B5211E1CD039A400B890B7 /* Lee-Sedol-vs-AlphaGo-20160309.sgf */; };
		D6614B291CDEE3A300DEDD9D /* LeeSedolHeader.sgf in Resources */ = {isa = PBXBuildFile; fileRef = D6614B281CDEE3A300DEDD9D /* LeeSedolHeader.sgf */; };
		D6614B2B1CDEEF4B00DEDD9D /* ff4_ex.sgf in Resources */ = {isa = PBXBuildFile; fileRef = D6614B2A1CDEEF4B00DEDD9D /* ff4_ex.sgf */; };
		D6614B2D1CDEF14F00DEDD9D /* ff4_ex_simplified.sgf in Resources */ = {isa = PBXBuildFile; fileRef = D6614B2C1CDEF14F00DEDD9D /* ff4_ex_simplified.sgf */; };
		D6C30FB61CD9A9CC00CA22CB /* FunctionalParserHelpers.swift in Sources */ = {isa = PBXBuildFile; fileRef = D6C30FB51CD9A9CC00CA22CB /* FunctionalParserHelpers.swift */; };
		D6C30FB71CD9A9CC00CA22CB /* FunctionalParserHelpers.swift in Sources */ = {isa = PBXBuildFile; fileRef = D6C30FB51CD9A9CC00CA22CB /* FunctionalParserHelpers.swift */; };
		D6C30FB91CD9A9E600CA22CB /* ParserCombinatorTests.swift in Sources */ = {isa = PBXBuildFile; fileRef = D6C30FB81CD9A9E600CA22CB /* ParserCombinatorTests.swift */; };
		D6C30FBB1CD9ADBF00CA22CB /* FuntionalParser.swift in Sources */ = {isa = PBXBuildFile; fileRef = D6C30FBA1CD9ADBF00CA22CB /* FuntionalParser.swift */; };
		D6C30FBC1CD9ADBF00CA22CB /* FuntionalParser.swift in Sources */ = {isa = PBXBuildFile; fileRef = D6C30FBA1CD9ADBF00CA22CB /* FuntionalParser.swift */; };
		D6C592DF1CE18C2E008BFB76 /* SGFPropertiesFF4.txt in Resources */ = {isa = PBXBuildFile; fileRef = D6C592DE1CE18C2E008BFB76 /* SGFPropertiesFF4.txt */; };
		D6C592E41CE2D1A9008BFB76 /* SGFProperties.swift in Sources */ = {isa = PBXBuildFile; fileRef = D6C592E31CE2D1A9008BFB76 /* SGFProperties.swift */; };
		D6C592E51CE2D1A9008BFB76 /* SGFProperties.swift in Sources */ = {isa = PBXBuildFile; fileRef = D6C592E31CE2D1A9008BFB76 /* SGFProperties.swift */; };
		D6C592EA1CE2D876008BFB76 /* SGFPGameTree+GameProtocol.swift in Sources */ = {isa = PBXBuildFile; fileRef = D6C592E91CE2D876008BFB76 /* SGFPGameTree+GameProtocol.swift */; };
		D6C592EB1CE2D876008BFB76 /* SGFPGameTree+GameProtocol.swift in Sources */ = {isa = PBXBuildFile; fileRef = D6C592E91CE2D876008BFB76 /* SGFPGameTree+GameProtocol.swift */; };
		D6C592EC1CE2D8A6008BFB76 /* SGFGameProtocol.swift in Sources */ = {isa = PBXBuildFile; fileRef = D6C592E61CE2D5DD008BFB76 /* SGFGameProtocol.swift */; };
		D6C592ED1CE2D8A7008BFB76 /* SGFGameProtocol.swift in Sources */ = {isa = PBXBuildFile; fileRef = D6C592E61CE2D5DD008BFB76 /* SGFGameProtocol.swift */; };
		D6C592EE1CE2EF74008BFB76 /* SGFNode.swift in Sources */ = {isa = PBXBuildFile; fileRef = C3B521221CD0890000B890B7 /* SGFNode.swift */; };
/* End PBXBuildFile section */

/* Begin PBXContainerItemProxy section */
		C3A1A0871C9F93DB00620CEA /* PBXContainerItemProxy */ = {
			isa = PBXContainerItemProxy;
			containerPortal = C31B55221C9DD10500B060D8 /* Project object */;
			proxyType = 1;
			remoteGlobalIDString = C31B55291C9DD10500B060D8;
			remoteInfo = GobanSampleProject;
		};
/* End PBXContainerItemProxy section */

/* Begin PBXFileReference section */
		3A35C5471CDBBEA80068F8B3 /* SGFValueTypeParserTests.swift */ = {isa = PBXFileReference; fileEncoding = 4; lastKnownFileType = sourcecode.swift; path = SGFValueTypeParserTests.swift; sourceTree = "<group>"; };
		3A35C5491CDBBEE30068F8B3 /* XCParserTestBase.swift */ = {isa = PBXFileReference; fileEncoding = 4; lastKnownFileType = sourcecode.swift; path = XCParserTestBase.swift; sourceTree = "<group>"; };
		3A35C54B1CDBE4620068F8B3 /* SGFParserCombinatorTests.swift */ = {isa = PBXFileReference; fileEncoding = 4; lastKnownFileType = sourcecode.swift; path = SGFParserCombinatorTests.swift; sourceTree = "<group>"; };
		C31B552A1C9DD10500B060D8 /* GobanSampleProject.app */ = {isa = PBXFileReference; explicitFileType = wrapper.application; includeInIndex = 0; path = GobanSampleProject.app; sourceTree = BUILT_PRODUCTS_DIR; };
		C31B552D1C9DD10500B060D8 /* AppDelegate.swift */ = {isa = PBXFileReference; lastKnownFileType = sourcecode.swift; path = AppDelegate.swift; sourceTree = "<group>"; };
		C31B552F1C9DD10500B060D8 /* ViewController.swift */ = {isa = PBXFileReference; lastKnownFileType = sourcecode.swift; path = ViewController.swift; sourceTree = "<group>"; };
		C31B55321C9DD10500B060D8 /* Base */ = {isa = PBXFileReference; lastKnownFileType = file.storyboard; name = Base; path = Base.lproj/Main.storyboard; sourceTree = "<group>"; };
		C31B55341C9DD10500B060D8 /* Assets.xcassets */ = {isa = PBXFileReference; lastKnownFileType = folder.assetcatalog; path = Assets.xcassets; sourceTree = "<group>"; };
		C31B55371C9DD10500B060D8 /* Base */ = {isa = PBXFileReference; lastKnownFileType = file.storyboard; name = Base; path = Base.lproj/LaunchScreen.storyboard; sourceTree = "<group>"; };
		C31B55391C9DD10500B060D8 /* Info.plist */ = {isa = PBXFileReference; lastKnownFileType = text.plist.xml; path = Info.plist; sourceTree = "<group>"; };
		C31B55401C9DD1B000B060D8 /* GobanView.swift */ = {isa = PBXFileReference; fileEncoding = 4; lastKnownFileType = sourcecode.swift; path = GobanView.swift; sourceTree = "<group>"; };
		C3A1A0821C9F93DB00620CEA /* GobanSampleProjectTests.xctest */ = {isa = PBXFileReference; explicitFileType = wrapper.cfbundle; includeInIndex = 0; path = GobanSampleProjectTests.xctest; sourceTree = BUILT_PRODUCTS_DIR; };
		C3A1A0861C9F93DB00620CEA /* Info.plist */ = {isa = PBXFileReference; lastKnownFileType = text.plist.xml; path = Info.plist; sourceTree = "<group>"; };
		C3B2A19D1CC2A64A0066C401 /* GobanManagerTests.swift */ = {isa = PBXFileReference; fileEncoding = 4; lastKnownFileType = sourcecode.swift; path = GobanManagerTests.swift; sourceTree = "<group>"; };
		C3B2A19F1CC2A6730066C401 /* GobanViewTests.swift */ = {isa = PBXFileReference; fileEncoding = 4; lastKnownFileType = sourcecode.swift; path = GobanViewTests.swift; sourceTree = "<group>"; };
		C3B5211C1CD02D5500B890B7 /* SGFGame.swift */ = {isa = PBXFileReference; fileEncoding = 4; lastKnownFileType = sourcecode.swift; name = SGFGame.swift; path = "SGF Parser/SGFGame.swift"; sourceTree = "<group>"; };
		C3B5211E1CD039A400B890B7 /* Lee-Sedol-vs-AlphaGo-20160309.sgf */ = {isa = PBXFileReference; fileEncoding = 4; lastKnownFileType = text; path = "Lee-Sedol-vs-AlphaGo-20160309.sgf"; sourceTree = "<group>"; };
		C3B521201CD0887000B890B7 /* SGFParser.swift */ = {isa = PBXFileReference; fileEncoding = 4; lastKnownFileType = sourcecode.swift; name = SGFParser.swift; path = "SGF Parser/SGFParser.swift"; sourceTree = "<group>"; };
		C3B521221CD0890000B890B7 /* SGFNode.swift */ = {isa = PBXFileReference; fileEncoding = 4; lastKnownFileType = sourcecode.swift; path = SGFNode.swift; sourceTree = "<group>"; };
		C3D286311CB0341200DFC062 /* Stone.swift */ = {isa = PBXFileReference; fileEncoding = 4; lastKnownFileType = sourcecode.swift; path = Stone.swift; sourceTree = "<group>"; };
		C3D286331CB044D400DFC062 /* GobanManager.swift */ = {isa = PBXFileReference; fileEncoding = 4; lastKnownFileType = sourcecode.swift; path = GobanManager.swift; sourceTree = "<group>"; };
		D60082821CDAECCE00C86687 /* SGFParserCombinator.swift */ = {isa = PBXFileReference; fileEncoding = 4; lastKnownFileType = sourcecode.swift; path = SGFParserCombinator.swift; sourceTree = "<group>"; };
		D60082851CDBB2E800C86687 /* SGFPValueTypeParser.swift */ = {isa = PBXFileReference; fileEncoding = 4; lastKnownFileType = sourcecode.swift; path = SGFPValueTypeParser.swift; sourceTree = "<group>"; };
		D6614B211CDD177300DEDD9D /* SGFPStructs.swift */ = {isa = PBXFileReference; fileEncoding = 4; lastKnownFileType = sourcecode.swift; path = SGFPStructs.swift; sourceTree = "<group>"; };
		D6614B251CDEDF0E00DEDD9D /* SGFFilesTests.swift */ = {isa = PBXFileReference; fileEncoding = 4; lastKnownFileType = sourcecode.swift; path = SGFFilesTests.swift; sourceTree = "<group>"; };
		D6614B281CDEE3A300DEDD9D /* LeeSedolHeader.sgf */ = {isa = PBXFileReference; fileEncoding = 4; lastKnownFileType = text; path = LeeSedolHeader.sgf; sourceTree = "<group>"; };
		D6614B2A1CDEEF4B00DEDD9D /* ff4_ex.sgf */ = {isa = PBXFileReference; fileEncoding = 4; lastKnownFileType = text; path = ff4_ex.sgf; sourceTree = "<group>"; };
		D6614B2C1CDEF14F00DEDD9D /* ff4_ex_simplified.sgf */ = {isa = PBXFileReference; fileEncoding = 4; lastKnownFileType = text; path = ff4_ex_simplified.sgf; sourceTree = "<group>"; };
		D6C30FB51CD9A9CC00CA22CB /* FunctionalParserHelpers.swift */ = {isa = PBXFileReference; fileEncoding = 4; lastKnownFileType = sourcecode.swift; path = FunctionalParserHelpers.swift; sourceTree = "<group>"; };
		D6C30FB81CD9A9E600CA22CB /* ParserCombinatorTests.swift */ = {isa = PBXFileReference; fileEncoding = 4; lastKnownFileType = sourcecode.swift; path = ParserCombinatorTests.swift; sourceTree = "<group>"; };
		D6C30FBA1CD9ADBF00CA22CB /* FuntionalParser.swift */ = {isa = PBXFileReference; fileEncoding = 4; lastKnownFileType = sourcecode.swift; path = FuntionalParser.swift; sourceTree = "<group>"; };
		D6C592DE1CE18C2E008BFB76 /* SGFPropertiesFF4.txt */ = {isa = PBXFileReference; fileEncoding = 4; lastKnownFileType = text; path = SGFPropertiesFF4.txt; sourceTree = "<group>"; };
		D6C592E31CE2D1A9008BFB76 /* SGFProperties.swift */ = {isa = PBXFileReference; fileEncoding = 4; lastKnownFileType = sourcecode.swift; path = SGFProperties.swift; sourceTree = "<group>"; };
		D6C592E61CE2D5DD008BFB76 /* SGFGameProtocol.swift */ = {isa = PBXFileReference; fileEncoding = 4; lastKnownFileType = sourcecode.swift; name = SGFGameProtocol.swift; path = "SGF Parser/SGFGameProtocol.swift"; sourceTree = "<group>"; };
		D6C592E91CE2D876008BFB76 /* SGFPGameTree+GameProtocol.swift */ = {isa = PBXFileReference; fileEncoding = 4; lastKnownFileType = sourcecode.swift; path = "SGFPGameTree+GameProtocol.swift"; sourceTree = "<group>"; };
/* End PBXFileReference section */

/* Begin PBXFrameworksBuildPhase section */
		C31B55271C9DD10500B060D8 /* Frameworks */ = {
			isa = PBXFrameworksBuildPhase;
			buildActionMask = 2147483647;
			files = (
			);
			runOnlyForDeploymentPostprocessing = 0;
		};
		C3A1A07F1C9F93DB00620CEA /* Frameworks */ = {
			isa = PBXFrameworksBuildPhase;
			buildActionMask = 2147483647;
			files = (
			);
			runOnlyForDeploymentPostprocessing = 0;
		};
/* End PBXFrameworksBuildPhase section */

/* Begin PBXGroup section */
		C31B55211C9DD10500B060D8 = {
			isa = PBXGroup;
			children = (
				C31B553F1C9DD12100B060D8 /* Goban */,
				C31B552C1C9DD10500B060D8 /* GobanSampleProject */,
				C3A1A0831C9F93DB00620CEA /* GobanSampleProjectTests */,
				C31B552B1C9DD10500B060D8 /* Products */,
			);
			sourceTree = "<group>";
		};
		C31B552B1C9DD10500B060D8 /* Products */ = {
			isa = PBXGroup;
			children = (
				C31B552A1C9DD10500B060D8 /* GobanSampleProject.app */,
				C3A1A0821C9F93DB00620CEA /* GobanSampleProjectTests.xctest */,
			);
			name = Products;
			sourceTree = "<group>";
		};
		C31B552C1C9DD10500B060D8 /* GobanSampleProject */ = {
			isa = PBXGroup;
			children = (
				C3B5211E1CD039A400B890B7 /* Lee-Sedol-vs-AlphaGo-20160309.sgf */,
				C31B552D1C9DD10500B060D8 /* AppDelegate.swift */,
				C31B552F1C9DD10500B060D8 /* ViewController.swift */,
				C31B55311C9DD10500B060D8 /* Main.storyboard */,
				C31B55341C9DD10500B060D8 /* Assets.xcassets */,
				C31B55361C9DD10500B060D8 /* LaunchScreen.storyboard */,
				C31B55391C9DD10500B060D8 /* Info.plist */,
				D6C592DE1CE18C2E008BFB76 /* SGFPropertiesFF4.txt */,
			);
			path = GobanSampleProject;
			sourceTree = "<group>";
		};
		C31B553F1C9DD12100B060D8 /* Goban */ = {
			isa = PBXGroup;
			children = (
				D6C592EF1CE2F289008BFB76 /* SGFP ParserCombinator */,
				C3B521191CD0183900B890B7 /* SGF Parser */,
				C31B55401C9DD1B000B060D8 /* GobanView.swift */,
				C3D286331CB044D400DFC062 /* GobanManager.swift */,
				C3D286311CB0341200DFC062 /* Stone.swift */,
			);
			name = Goban;
			path = ../Goban;
			sourceTree = "<group>";
		};
		C3A1A0831C9F93DB00620CEA /* GobanSampleProjectTests */ = {
			isa = PBXGroup;
			children = (
				D6614B241CDEDEAB00DEDD9D /* ParserCombinator */,
				C3B2A19D1CC2A64A0066C401 /* GobanManagerTests.swift */,
				C3B2A19F1CC2A6730066C401 /* GobanViewTests.swift */,
				C3A1A0861C9F93DB00620CEA /* Info.plist */,
			);
			path = GobanSampleProjectTests;
			sourceTree = "<group>";
		};
		C3B521191CD0183900B890B7 /* SGF Parser */ = {
			isa = PBXGroup;
			children = (
				D6C592E61CE2D5DD008BFB76 /* SGFGameProtocol.swift */,
				C3B5211C1CD02D5500B890B7 /* SGFGame.swift */,
				C3B521201CD0887000B890B7 /* SGFParser.swift */,
				C3B521221CD0890000B890B7 /* SGFNode.swift */,
			);
			name = "SGF Parser";
			sourceTree = "<group>";
		};
		D6614B241CDEDEAB00DEDD9D /* ParserCombinator */ = {
			isa = PBXGroup;
			children = (
				D6614B2C1CDEF14F00DEDD9D /* ff4_ex_simplified.sgf */,
				D6614B2A1CDEEF4B00DEDD9D /* ff4_ex.sgf */,
				D6614B281CDEE3A300DEDD9D /* LeeSedolHeader.sgf */,
				D6C30FB81CD9A9E600CA22CB /* ParserCombinatorTests.swift */,
				D6614B251CDEDF0E00DEDD9D /* SGFFilesTests.swift */,
				3A35C54B1CDBE4620068F8B3 /* SGFParserCombinatorTests.swift */,
				3A35C5471CDBBEA80068F8B3 /* SGFValueTypeParserTests.swift */,
				3A35C5491CDBBEE30068F8B3 /* XCParserTestBase.swift */,
			);
			name = ParserCombinator;
			sourceTree = "<group>";
		};
		D6C30FB41CD9A96900CA22CB /* Parser Combinator */ = {
			isa = PBXGroup;
			children = (
				D6C30FB51CD9A9CC00CA22CB /* FunctionalParserHelpers.swift */,
				D6C30FBA1CD9ADBF00CA22CB /* FuntionalParser.swift */,
			);
			name = "Parser Combinator";
			sourceTree = "<group>";
		};
		D6C592EF1CE2F289008BFB76 /* SGFP ParserCombinator */ = {
			isa = PBXGroup;
			children = (
				D6C30FB41CD9A96900CA22CB /* Parser Combinator */,
				D60082821CDAECCE00C86687 /* SGFParserCombinator.swift */,
				D6614B211CDD177300DEDD9D /* SGFPStructs.swift */,
				D60082851CDBB2E800C86687 /* SGFPValueTypeParser.swift */,
				D6C592E31CE2D1A9008BFB76 /* SGFProperties.swift */,
				D6C592E91CE2D876008BFB76 /* SGFPGameTree+GameProtocol.swift */,
			);
			name = "SGFP ParserCombinator";
			sourceTree = "<group>";
		};
/* End PBXGroup section */

/* Begin PBXNativeTarget section */
		C31B55291C9DD10500B060D8 /* GobanSampleProject */ = {
			isa = PBXNativeTarget;
			buildConfigurationList = C31B553C1C9DD10500B060D8 /* Build configuration list for PBXNativeTarget "GobanSampleProject" */;
			buildPhases = (
				C31B55261C9DD10500B060D8 /* Sources */,
				C31B55271C9DD10500B060D8 /* Frameworks */,
				C31B55281C9DD10500B060D8 /* Resources */,
			);
			buildRules = (
			);
			dependencies = (
			);
			name = GobanSampleProject;
			productName = GobanSampleProject;
			productReference = C31B552A1C9DD10500B060D8 /* GobanSampleProject.app */;
			productType = "com.apple.product-type.application";
		};
		C3A1A0811C9F93DB00620CEA /* GobanSampleProjectTests */ = {
			isa = PBXNativeTarget;
			buildConfigurationList = C3A1A0891C9F93DB00620CEA /* Build configuration list for PBXNativeTarget "GobanSampleProjectTests" */;
			buildPhases = (
				C3A1A07E1C9F93DB00620CEA /* Sources */,
				C3A1A07F1C9F93DB00620CEA /* Frameworks */,
				C3A1A0801C9F93DB00620CEA /* Resources */,
			);
			buildRules = (
			);
			dependencies = (
				C3A1A0881C9F93DB00620CEA /* PBXTargetDependency */,
			);
			name = GobanSampleProjectTests;
			productName = GobanSampleProjectTests;
			productReference = C3A1A0821C9F93DB00620CEA /* GobanSampleProjectTests.xctest */;
			productType = "com.apple.product-type.bundle.unit-test";
		};
/* End PBXNativeTarget section */

/* Begin PBXProject section */
		C31B55221C9DD10500B060D8 /* Project object */ = {
			isa = PBXProject;
			attributes = {
				LastSwiftUpdateCheck = 0720;
				LastUpgradeCheck = 0720;
				ORGANIZATIONNAME = "Boris Emorine";
				TargetAttributes = {
					C31B55291C9DD10500B060D8 = {
						CreatedOnToolsVersion = 7.2;
						DevelopmentTeam = 67V847367C;
					};
					C3A1A0811C9F93DB00620CEA = {
						CreatedOnToolsVersion = 7.2;
						TestTargetID = C31B55291C9DD10500B060D8;
					};
				};
			};
			buildConfigurationList = C31B55251C9DD10500B060D8 /* Build configuration list for PBXProject "GobanSampleProject" */;
			compatibilityVersion = "Xcode 3.2";
			developmentRegion = English;
			hasScannedForEncodings = 0;
			knownRegions = (
				en,
				Base,
			);
			mainGroup = C31B55211C9DD10500B060D8;
			productRefGroup = C31B552B1C9DD10500B060D8 /* Products */;
			projectDirPath = "";
			projectRoot = "";
			targets = (
				C31B55291C9DD10500B060D8 /* GobanSampleProject */,
				C3A1A0811C9F93DB00620CEA /* GobanSampleProjectTests */,
			);
		};
/* End PBXProject section */

/* Begin PBXResourcesBuildPhase section */
		C31B55281C9DD10500B060D8 /* Resources */ = {
			isa = PBXResourcesBuildPhase;
			buildActionMask = 2147483647;
			files = (
				C31B55381C9DD10500B060D8 /* LaunchScreen.storyboard in Resources */,
				C31B55351C9DD10500B060D8 /* Assets.xcassets in Resources */,
				C3B5211F1CD039A400B890B7 /* Lee-Sedol-vs-AlphaGo-20160309.sgf in Resources */,
				C31B55331C9DD10500B060D8 /* Main.storyboard in Resources */,
				D6C592DF1CE18C2E008BFB76 /* SGFPropertiesFF4.txt in Resources */,
			);
			runOnlyForDeploymentPostprocessing = 0;
		};
		C3A1A0801C9F93DB00620CEA /* Resources */ = {
			isa = PBXResourcesBuildPhase;
			buildActionMask = 2147483647;
			files = (
				D6614B2D1CDEF14F00DEDD9D /* ff4_ex_simplified.sgf in Resources */,
				D6614B2B1CDEEF4B00DEDD9D /* ff4_ex.sgf in Resources */,
				D6614B291CDEE3A300DEDD9D /* LeeSedolHeader.sgf in Resources */,
				D6614B271CDEE23100DEDD9D /* Lee-Sedol-vs-AlphaGo-20160309.sgf in Resources */,
			);
			runOnlyForDeploymentPostprocessing = 0;
		};
/* End PBXResourcesBuildPhase section */

/* Begin PBXSourcesBuildPhase section */
		C31B55261C9DD10500B060D8 /* Sources */ = {
			isa = PBXSourcesBuildPhase;
			buildActionMask = 2147483647;
			files = (
				C3B5211D1CD02D5500B890B7 /* SGFGame.swift in Sources */,
				C31B55301C9DD10500B060D8 /* ViewController.swift in Sources */,
				D60082831CDAECCE00C86687 /* SGFParserCombinator.swift in Sources */,
				D60082861CDBB2E800C86687 /* SGFPValueTypeParser.swift in Sources */,
				D6C30FB61CD9A9CC00CA22CB /* FunctionalParserHelpers.swift in Sources */,
				C3D286341CB044D400DFC062 /* GobanManager.swift in Sources */,
				D6614B221CDD177300DEDD9D /* SGFPStructs.swift in Sources */,
				C31B552E1C9DD10500B060D8 /* AppDelegate.swift in Sources */,
				C3B521211CD0887000B890B7 /* SGFParser.swift in Sources */,
				C31B55411C9DD1B000B060D8 /* GobanView.swift in Sources */,
				D6C30FBB1CD9ADBF00CA22CB /* FuntionalParser.swift in Sources */,
				D6C592E41CE2D1A9008BFB76 /* SGFProperties.swift in Sources */,
				D6C592EC1CE2D8A6008BFB76 /* SGFGameProtocol.swift in Sources */,
				C3B521231CD0890000B890B7 /* SGFNode.swift in Sources */,
				C3D286321CB0341200DFC062 /* Stone.swift in Sources */,
				D6C592EA1CE2D876008BFB76 /* SGFPGameTree+GameProtocol.swift in Sources */,
			);
			runOnlyForDeploymentPostprocessing = 0;
		};
		C3A1A07E1C9F93DB00620CEA /* Sources */ = {
			isa = PBXSourcesBuildPhase;
			buildActionMask = 2147483647;
			files = (
				3A35C54C1CDBE4620068F8B3 /* SGFParserCombinatorTests.swift in Sources */,
				D6C592EB1CE2D876008BFB76 /* SGFPGameTree+GameProtocol.swift in Sources */,
				C3B2A1A01CC2A6730066C401 /* GobanViewTests.swift in Sources */,
				D6C30FB91CD9A9E600CA22CB /* ParserCombinatorTests.swift in Sources */,
				3A35C54D1CDBE4CA0068F8B3 /* SGFParserCombinator.swift in Sources */,
				D6614B261CDEDF0E00DEDD9D /* SGFFilesTests.swift in Sources */,
				D6C30FBC1CD9ADBF00CA22CB /* FuntionalParser.swift in Sources */,
				D6614B231CDD17F100DEDD9D /* SGFPStructs.swift in Sources */,
				3A35C5481CDBBEA80068F8B3 /* SGFValueTypeParserTests.swift in Sources */,
				C3B2A19E1CC2A64A0066C401 /* GobanManagerTests.swift in Sources */,
				D6C592E51CE2D1A9008BFB76 /* SGFProperties.swift in Sources */,
				D6C592ED1CE2D8A7008BFB76 /* SGFGameProtocol.swift in Sources */,
				D6C30FB71CD9A9CC00CA22CB /* FunctionalParserHelpers.swift in Sources */,
				D60082871CDBB2E800C86687 /* SGFPValueTypeParser.swift in Sources */,
				D6C592EE1CE2EF74008BFB76 /* SGFNode.swift in Sources */,
				3A35C54A1CDBBEE30068F8B3 /* XCParserTestBase.swift in Sources */,
			);
			runOnlyForDeploymentPostprocessing = 0;
		};
/* End PBXSourcesBuildPhase section */

/* Begin PBXTargetDependency section */
		C3A1A0881C9F93DB00620CEA /* PBXTargetDependency */ = {
			isa = PBXTargetDependency;
			target = C31B55291C9DD10500B060D8 /* GobanSampleProject */;
			targetProxy = C3A1A0871C9F93DB00620CEA /* PBXContainerItemProxy */;
		};
/* End PBXTargetDependency section */

/* Begin PBXVariantGroup section */
		C31B55311C9DD10500B060D8 /* Main.storyboard */ = {
			isa = PBXVariantGroup;
			children = (
				C31B55321C9DD10500B060D8 /* Base */,
			);
			name = Main.storyboard;
			sourceTree = "<group>";
		};
		C31B55361C9DD10500B060D8 /* LaunchScreen.storyboard */ = {
			isa = PBXVariantGroup;
			children = (
				C31B55371C9DD10500B060D8 /* Base */,
			);
			name = LaunchScreen.storyboard;
			sourceTree = "<group>";
		};
/* End PBXVariantGroup section */

/* Begin XCBuildConfiguration section */
		C31B553A1C9DD10500B060D8 /* Debug */ = {
			isa = XCBuildConfiguration;
			buildSettings = {
				ALWAYS_SEARCH_USER_PATHS = NO;
				CLANG_CXX_LANGUAGE_STANDARD = "gnu++0x";
				CLANG_CXX_LIBRARY = "libc++";
				CLANG_ENABLE_MODULES = YES;
				CLANG_ENABLE_OBJC_ARC = YES;
				CLANG_WARN_BOOL_CONVERSION = YES;
				CLANG_WARN_CONSTANT_CONVERSION = YES;
				CLANG_WARN_DIRECT_OBJC_ISA_USAGE = YES_ERROR;
				CLANG_WARN_EMPTY_BODY = YES;
				CLANG_WARN_ENUM_CONVERSION = YES;
				CLANG_WARN_INT_CONVERSION = YES;
				CLANG_WARN_OBJC_ROOT_CLASS = YES_ERROR;
				CLANG_WARN_UNREACHABLE_CODE = YES;
				CLANG_WARN__DUPLICATE_METHOD_MATCH = YES;
				"CODE_SIGN_IDENTITY[sdk=iphoneos*]" = "iPhone Developer";
				COPY_PHASE_STRIP = NO;
				DEBUG_INFORMATION_FORMAT = dwarf;
				ENABLE_STRICT_OBJC_MSGSEND = YES;
				ENABLE_TESTABILITY = YES;
				GCC_C_LANGUAGE_STANDARD = gnu99;
				GCC_DYNAMIC_NO_PIC = NO;
				GCC_NO_COMMON_BLOCKS = YES;
				GCC_OPTIMIZATION_LEVEL = 0;
				GCC_PREPROCESSOR_DEFINITIONS = (
					"DEBUG=1",
					"$(inherited)",
				);
				GCC_WARN_64_TO_32_BIT_CONVERSION = YES;
				GCC_WARN_ABOUT_RETURN_TYPE = YES_ERROR;
				GCC_WARN_UNDECLARED_SELECTOR = YES;
				GCC_WARN_UNINITIALIZED_AUTOS = YES_AGGRESSIVE;
				GCC_WARN_UNUSED_FUNCTION = YES;
				GCC_WARN_UNUSED_VARIABLE = YES;
				IPHONEOS_DEPLOYMENT_TARGET = 9.2;
				MTL_ENABLE_DEBUG_INFO = YES;
				ONLY_ACTIVE_ARCH = YES;
				SDKROOT = iphoneos;
				SWIFT_OPTIMIZATION_LEVEL = "-Onone";
			};
			name = Debug;
		};
		C31B553B1C9DD10500B060D8 /* Release */ = {
			isa = XCBuildConfiguration;
			buildSettings = {
				ALWAYS_SEARCH_USER_PATHS = NO;
				CLANG_CXX_LANGUAGE_STANDARD = "gnu++0x";
				CLANG_CXX_LIBRARY = "libc++";
				CLANG_ENABLE_MODULES = YES;
				CLANG_ENABLE_OBJC_ARC = YES;
				CLANG_WARN_BOOL_CONVERSION = YES;
				CLANG_WARN_CONSTANT_CONVERSION = YES;
				CLANG_WARN_DIRECT_OBJC_ISA_USAGE = YES_ERROR;
				CLANG_WARN_EMPTY_BODY = YES;
				CLANG_WARN_ENUM_CONVERSION = YES;
				CLANG_WARN_INT_CONVERSION = YES;
				CLANG_WARN_OBJC_ROOT_CLASS = YES_ERROR;
				CLANG_WARN_UNREACHABLE_CODE = YES;
				CLANG_WARN__DUPLICATE_METHOD_MATCH = YES;
				"CODE_SIGN_IDENTITY[sdk=iphoneos*]" = "iPhone Developer";
				COPY_PHASE_STRIP = NO;
				DEBUG_INFORMATION_FORMAT = "dwarf-with-dsym";
				ENABLE_NS_ASSERTIONS = NO;
				ENABLE_STRICT_OBJC_MSGSEND = YES;
				GCC_C_LANGUAGE_STANDARD = gnu99;
				GCC_NO_COMMON_BLOCKS = YES;
				GCC_WARN_64_TO_32_BIT_CONVERSION = YES;
				GCC_WARN_ABOUT_RETURN_TYPE = YES_ERROR;
				GCC_WARN_UNDECLARED_SELECTOR = YES;
				GCC_WARN_UNINITIALIZED_AUTOS = YES_AGGRESSIVE;
				GCC_WARN_UNUSED_FUNCTION = YES;
				GCC_WARN_UNUSED_VARIABLE = YES;
				IPHONEOS_DEPLOYMENT_TARGET = 9.2;
				MTL_ENABLE_DEBUG_INFO = NO;
				SDKROOT = iphoneos;
				VALIDATE_PRODUCT = YES;
			};
			name = Release;
		};
		C31B553D1C9DD10500B060D8 /* Debug */ = {
			isa = XCBuildConfiguration;
			buildSettings = {
				ASSETCATALOG_COMPILER_APPICON_NAME = AppIcon;
				CODE_SIGN_IDENTITY = "iPhone Developer";
				"CODE_SIGN_IDENTITY[sdk=iphoneos*]" = "iPhone Developer";
				INFOPLIST_FILE = GobanSampleProject/Info.plist;
				LD_RUNPATH_SEARCH_PATHS = "$(inherited) @executable_path/Frameworks";
				PRODUCT_BUNDLE_IDENTIFIER = BEM.GobanSampleProject;
				PRODUCT_NAME = "$(TARGET_NAME)";
				PROVISIONING_PROFILE = "";
			};
			name = Debug;
		};
		C31B553E1C9DD10500B060D8 /* Release */ = {
			isa = XCBuildConfiguration;
			buildSettings = {
				ASSETCATALOG_COMPILER_APPICON_NAME = AppIcon;
				CODE_SIGN_IDENTITY = "iPhone Developer";
				"CODE_SIGN_IDENTITY[sdk=iphoneos*]" = "iPhone Developer";
				INFOPLIST_FILE = GobanSampleProject/Info.plist;
				LD_RUNPATH_SEARCH_PATHS = "$(inherited) @executable_path/Frameworks";
				PRODUCT_BUNDLE_IDENTIFIER = BEM.GobanSampleProject;
				PRODUCT_NAME = "$(TARGET_NAME)";
				PROVISIONING_PROFILE = "";
			};
			name = Release;
		};
		C3A1A08A1C9F93DB00620CEA /* Debug */ = {
			isa = XCBuildConfiguration;
			buildSettings = {
				BUNDLE_LOADER = "$(TEST_HOST)";
				INFOPLIST_FILE = GobanSampleProjectTests/Info.plist;
				LD_RUNPATH_SEARCH_PATHS = "$(inherited) @executable_path/Frameworks @loader_path/Frameworks";
				PRODUCT_BUNDLE_IDENTIFIER = BEM.GobanSampleProjectTests;
				PRODUCT_NAME = "$(TARGET_NAME)";
				TEST_HOST = "$(BUILT_PRODUCTS_DIR)/GobanSampleProject.app/GobanSampleProject";
			};
			name = Debug;
		};
		C3A1A08B1C9F93DB00620CEA /* Release */ = {
			isa = XCBuildConfiguration;
			buildSettings = {
				BUNDLE_LOADER = "$(TEST_HOST)";
				INFOPLIST_FILE = GobanSampleProjectTests/Info.plist;
				LD_RUNPATH_SEARCH_PATHS = "$(inherited) @executable_path/Frameworks @loader_path/Frameworks";
				PRODUCT_BUNDLE_IDENTIFIER = BEM.GobanSampleProjectTests;
				PRODUCT_NAME = "$(TARGET_NAME)";
				TEST_HOST = "$(BUILT_PRODUCTS_DIR)/GobanSampleProject.app/GobanSampleProject";
			};
			name = Release;
		};
/* End XCBuildConfiguration section */

/* Begin XCConfigurationList section */
		C31B55251C9DD10500B060D8 /* Build configuration list for PBXProject "GobanSampleProject" */ = {
			isa = XCConfigurationList;
			buildConfigurations = (
				C31B553A1C9DD10500B060D8 /* Debug */,
				C31B553B1C9DD10500B060D8 /* Release */,
			);
			defaultConfigurationIsVisible = 0;
			defaultConfigurationName = Release;
		};
		C31B553C1C9DD10500B060D8 /* Build configuration list for PBXNativeTarget "GobanSampleProject" */ = {
			isa = XCConfigurationList;
			buildConfigurations = (
				C31B553D1C9DD10500B060D8 /* Debug */,
				C31B553E1C9DD10500B060D8 /* Release */,
			);
			defaultConfigurationIsVisible = 0;
			defaultConfigurationName = Release;
		};
		C3A1A0891C9F93DB00620CEA /* Build configuration list for PBXNativeTarget "GobanSampleProjectTests" */ = {
			isa = XCConfigurationList;
			buildConfigurations = (
				C3A1A08A1C9F93DB00620CEA /* Debug */,
				C3A1A08B1C9F93DB00620CEA /* Release */,
			);
			defaultConfigurationIsVisible = 0;
			defaultConfigurationName = Release;
		};
/* End XCConfigurationList section */
	};
	rootObject = C31B55221C9DD10500B060D8 /* Project object */;
}
